<?xml version="1.0" encoding="utf-8"?>
<Project ToolsVersion="4.0" xmlns="http://schemas.microsoft.com/developer/msbuild/2003">
  <ItemGroup>
    <Filter Include="소스 파일">
      <UniqueIdentifier>{4FC737F1-C7A5-4376-A066-2A32D752A2FF}</UniqueIdentifier>
      <Extensions>cpp;c;cc;cxx;c++;cppm;ixx;def;odl;idl;hpj;bat;asm;asmx</Extensions>
    </Filter>
    <Filter Include="헤더 파일">
      <UniqueIdentifier>{93995380-89BD-4b04-88EB-625FBE52EBFB}</UniqueIdentifier>
      <Extensions>h;hh;hpp;hxx;h++;hm;inl;inc;ipp;xsd</Extensions>
    </Filter>
    <Filter Include="리소스 파일">
      <UniqueIdentifier>{67DA6AB6-F800-4c08-8B7A-83BB121AAD01}</UniqueIdentifier>
      <Extensions>rc;ico;cur;bmp;dlg;rc2;rct;bin;rgs;gif;jpg;jpeg;jpe;resx;tiff;tif;png;wav;mfcribbon-ms</Extensions>
    </Filter>
  </ItemGroup>
  <ItemGroup>
    <ClCompile Include="Main.cpp">
      <Filter>소스 파일</Filter>
    </ClCompile>
    <ClCompile Include="Game\Game.cpp">
      <Filter>소스 파일</Filter>
    </ClCompile>
    <ClCompile Include="Actor\Player\Player.cpp">
      <Filter>소스 파일</Filter>
    </ClCompile>
    <ClCompile Include="Level\GameLevel.cpp">
      <Filter>소스 파일</Filter>
    </ClCompile>
    <ClCompile Include="Actor\Enemy\EnemyA.cpp">
      <Filter>소스 파일</Filter>
    </ClCompile>
    <ClCompile Include="Actor\Enemy\EnemyB.cpp">
      <Filter>소스 파일</Filter>
    </ClCompile>
    <ClCompile Include="Actor\Enemy\EnemyBullet.cpp">
      <Filter>소스 파일</Filter>
    </ClCompile>
    <ClCompile Include="Actor\Enemy\EnemyC.cpp">
      <Filter>소스 파일</Filter>
    </ClCompile>
    <ClCompile Include="Level\LobbyLevel.cpp">
      <Filter>소스 파일</Filter>
    </ClCompile>
    <ClCompile Include="Level\MenuLevel.cpp">
      <Filter>소스 파일</Filter>
    </ClCompile>
    <ClCompile Include="Actor\Item\Bomb.cpp">
      <Filter>소스 파일</Filter>
    </ClCompile>
    <ClCompile Include="Actor\Item\Shield.cpp">
      <Filter>소스 파일</Filter>
    </ClCompile>
    <ClCompile Include="Actor\Player\PlayerBullet.cpp">
      <Filter>소스 파일</Filter>
    </ClCompile>
    <ClCompile Include="Actor\Item\Upgrade.cpp">
      <Filter>소스 파일</Filter>
    </ClCompile>
    <ClCompile Include="Level\RankLevel.cpp">
      <Filter>소스 파일</Filter>
    </ClCompile>
    <ClCompile Include="Level\OverLevel.cpp">
      <Filter>소스 파일</Filter>
    </ClCompile>
    <ClCompile Include="Level\ClearLevel.cpp">
      <Filter>소스 파일</Filter>
    </ClCompile>
    <ClCompile Include="Level\GuideLevel.cpp">
      <Filter>소스 파일</Filter>
    </ClCompile>
  </ItemGroup>
  <ItemGroup>
    <ClInclude Include="Game\Game.h">
      <Filter>헤더 파일</Filter>
    </ClInclude>
    <ClInclude Include="Actor\Player\Player.h">
      <Filter>헤더 파일</Filter>
    </ClInclude>
    <ClInclude Include="Level\GameLevel.h">
      <Filter>헤더 파일</Filter>
    </ClInclude>
    <ClInclude Include="Actor\Enemy\EnemyA.h">
      <Filter>헤더 파일</Filter>
    </ClInclude>
    <ClInclude Include="Actor\Enemy\EnemyB.h">
      <Filter>헤더 파일</Filter>
    </ClInclude>
    <ClInclude Include="Actor\Enemy\EnemyBullet.h">
      <Filter>헤더 파일</Filter>
    </ClInclude>
    <ClInclude Include="Actor\Enemy\EnemyC.h">
      <Filter>헤더 파일</Filter>
    </ClInclude>
    <ClInclude Include="Level\LobbyLevel.h">
      <Filter>헤더 파일</Filter>
    </ClInclude>
    <ClInclude Include="Level\MenuLevel.h">
      <Filter>헤더 파일</Filter>
    </ClInclude>
    <ClInclude Include="Actor\Item\Bomb.h">
      <Filter>헤더 파일</Filter>
    </ClInclude>
    <ClInclude Include="Actor\Item\Shield.h">
      <Filter>헤더 파일</Filter>
    </ClInclude>
    <ClInclude Include="Actor\Player\PlayerBullet.h">
      <Filter>헤더 파일</Filter>
    </ClInclude>
    <ClInclude Include="Actor\Item\Upgrade.h">
      <Filter>헤더 파일</Filter>
    </ClInclude>
    <ClInclude Include="Level\RankLevel.h">
      <Filter>헤더 파일</Filter>
    </ClInclude>
    <ClInclude Include="Level\OverLevel.h">
      <Filter>헤더 파일</Filter>
    </ClInclude>
    <ClInclude Include="Level\ClearLevel.h">
      <Filter>헤더 파일</Filter>
    </ClInclude>
    <ClInclude Include="Level\GuideLevel.h">
      <Filter>헤더 파일</Filter>
    </ClInclude>
  </ItemGroup>
  <ItemGroup>
    <Text Include="Rank.txt" />
  </ItemGroup>
</Project>